
Microsoft Visual Studio Solution File, Format Version 12.00
# Visual Studio Version 16
VisualStudioVersion = 16.0.30320.27
MinimumVisualStudioVersion = 10.0.40219.1
Project("{FAE04EC0-301F-11D3-BF4B-00C04F79EFBC}") = "MathApp_FlorabelIturalde07292020", "MathApp_FlorabelIturalde07292020.csproj", "{76A6F12D-5BE7-4105-A226-27BA8326E6B2}"
EndProject
Global
	GlobalSection(SolutionConfigurationPlatforms) = preSolution
		Debug|Any CPU = Debug|Any CPU
		Release|Any CPU = Release|Any CPU
	EndGlobalSection
	GlobalSection(ProjectConfigurationPlatforms) = postSolution
		{76A6F12D-5BE7-4105-A226-27BA8326E6B2}.Debug|Any CPU.ActiveCfg = Debug|Any CPU
		{76A6F12D-5BE7-4105-A226-27BA8326E6B2}.Debug|Any CPU.Build.0 = Debug|Any CPU
		{76A6F12D-5BE7-4105-A226-27BA8326E6B2}.Release|Any CPU.ActiveCfg = Release|Any CPU
		{76A6F12D-5BE7-4105-A226-27BA8326E6B2}.Release|Any CPU.Build.0 = Release|Any CPU
	EndGlobalSection
	GlobalSection(SolutionProperties) = preSolution
		HideSolutionNode = FALSE
	EndGlobalSection
	GlobalSection(ExtensibilityGlobals) = postSolution
		SolutionGuid = {0268B119-B456-4E72-932F-5B1781A61E11}
	EndGlobalSection
EndGlobal
