
Microsoft Visual Studio Solution File, Format Version 12.00
# Visual Studio Version 16
VisualStudioVersion = 16.0.30225.117
MinimumVisualStudioVersion = 10.0.40219.1
Project("{FAE04EC0-301F-11D3-BF4B-00C04F79EFBC}") = "AddTwoIntegers_IturaldeFlorabel07152020", "AddTwoIntegers_IturaldeFlorabel07152020.csproj", "{752ED1D1-0651-4EE6-A3EB-94146D37A522}"
EndProject
Global
	GlobalSection(SolutionConfigurationPlatforms) = preSolution
		Debug|Any CPU = Debug|Any CPU
		Release|Any CPU = Release|Any CPU
	EndGlobalSection
	GlobalSection(ProjectConfigurationPlatforms) = postSolution
		{752ED1D1-0651-4EE6-A3EB-94146D37A522}.Debug|Any CPU.ActiveCfg = Debug|Any CPU
		{752ED1D1-0651-4EE6-A3EB-94146D37A522}.Debug|Any CPU.Build.0 = Debug|Any CPU
		{752ED1D1-0651-4EE6-A3EB-94146D37A522}.Release|Any CPU.ActiveCfg = Release|Any CPU
		{752ED1D1-0651-4EE6-A3EB-94146D37A522}.Release|Any CPU.Build.0 = Release|Any CPU
	EndGlobalSection
	GlobalSection(SolutionProperties) = preSolution
		HideSolutionNode = FALSE
	EndGlobalSection
	GlobalSection(ExtensibilityGlobals) = postSolution
		SolutionGuid = {EF77ED37-659B-4EDF-ABAB-C789B6D13D7A}
	EndGlobalSection
EndGlobal
