
Microsoft Visual Studio Solution File, Format Version 12.00
# Visual Studio Version 16
VisualStudioVersion = 16.0.30309.148
MinimumVisualStudioVersion = 10.0.40219.1
Project("{FAE04EC0-301F-11D3-BF4B-00C04F79EFBC}") = "LAB3CFeetToInches_FlorabelIturalde", "LAB3CFeetToInches_FlorabelIturalde.csproj", "{71E9F58B-0F36-4B64-80AC-6B048E38FAA8}"
EndProject
Global
	GlobalSection(SolutionConfigurationPlatforms) = preSolution
		Debug|Any CPU = Debug|Any CPU
		Release|Any CPU = Release|Any CPU
	EndGlobalSection
	GlobalSection(ProjectConfigurationPlatforms) = postSolution
		{71E9F58B-0F36-4B64-80AC-6B048E38FAA8}.Debug|Any CPU.ActiveCfg = Debug|Any CPU
		{71E9F58B-0F36-4B64-80AC-6B048E38FAA8}.Debug|Any CPU.Build.0 = Debug|Any CPU
		{71E9F58B-0F36-4B64-80AC-6B048E38FAA8}.Release|Any CPU.ActiveCfg = Release|Any CPU
		{71E9F58B-0F36-4B64-80AC-6B048E38FAA8}.Release|Any CPU.Build.0 = Release|Any CPU
	EndGlobalSection
	GlobalSection(SolutionProperties) = preSolution
		HideSolutionNode = FALSE
	EndGlobalSection
	GlobalSection(ExtensibilityGlobals) = postSolution
		SolutionGuid = {7DEA0181-04FD-47A4-83E7-93AF8CA7C809}
	EndGlobalSection
EndGlobal
