
Microsoft Visual Studio Solution File, Format Version 12.00
# Visual Studio Version 16
VisualStudioVersion = 16.0.30225.117
MinimumVisualStudioVersion = 10.0.40219.1
Project("{FAE04EC0-301F-11D3-BF4B-00C04F79EFBC}") = "Sum_Of_Numbers", "Sum_Of_Numbers.csproj", "{757B8F02-845A-4065-B8E0-3F024C96930F}"
EndProject
Global
	GlobalSection(SolutionConfigurationPlatforms) = preSolution
		Debug|Any CPU = Debug|Any CPU
		Release|Any CPU = Release|Any CPU
	EndGlobalSection
	GlobalSection(ProjectConfigurationPlatforms) = postSolution
		{757B8F02-845A-4065-B8E0-3F024C96930F}.Debug|Any CPU.ActiveCfg = Debug|Any CPU
		{757B8F02-845A-4065-B8E0-3F024C96930F}.Debug|Any CPU.Build.0 = Debug|Any CPU
		{757B8F02-845A-4065-B8E0-3F024C96930F}.Release|Any CPU.ActiveCfg = Release|Any CPU
		{757B8F02-845A-4065-B8E0-3F024C96930F}.Release|Any CPU.Build.0 = Release|Any CPU
	EndGlobalSection
	GlobalSection(SolutionProperties) = preSolution
		HideSolutionNode = FALSE
	EndGlobalSection
	GlobalSection(ExtensibilityGlobals) = postSolution
		SolutionGuid = {007040AF-8C29-4938-8E81-AF3940FD0D18}
	EndGlobalSection
EndGlobal
