
Microsoft Visual Studio Solution File, Format Version 12.00
# Visual Studio Version 16
VisualStudioVersion = 16.0.30309.148
MinimumVisualStudioVersion = 10.0.40219.1
Project("{FAE04EC0-301F-11D3-BF4B-00C04F79EFBC}") = "LAB3D_FlorabelIturalde", "LAB3D_FlorabelIturalde.csproj", "{585DC750-56B5-4B80-9EC6-2C60300B3CDD}"
EndProject
Global
	GlobalSection(SolutionConfigurationPlatforms) = preSolution
		Debug|Any CPU = Debug|Any CPU
		Release|Any CPU = Release|Any CPU
	EndGlobalSection
	GlobalSection(ProjectConfigurationPlatforms) = postSolution
		{585DC750-56B5-4B80-9EC6-2C60300B3CDD}.Debug|Any CPU.ActiveCfg = Debug|Any CPU
		{585DC750-56B5-4B80-9EC6-2C60300B3CDD}.Debug|Any CPU.Build.0 = Debug|Any CPU
		{585DC750-56B5-4B80-9EC6-2C60300B3CDD}.Release|Any CPU.ActiveCfg = Release|Any CPU
		{585DC750-56B5-4B80-9EC6-2C60300B3CDD}.Release|Any CPU.Build.0 = Release|Any CPU
	EndGlobalSection
	GlobalSection(SolutionProperties) = preSolution
		HideSolutionNode = FALSE
	EndGlobalSection
	GlobalSection(ExtensibilityGlobals) = postSolution
		SolutionGuid = {D808070B-F645-4C9D-80E5-4E676CA9AF38}
	EndGlobalSection
EndGlobal
