
Microsoft Visual Studio Solution File, Format Version 12.00
# Visual Studio Version 16
VisualStudioVersion = 16.0.31229.75
MinimumVisualStudioVersion = 10.0.40219.1
Project("{FAE04EC0-301F-11D3-BF4B-00C04F79EFBC}") = "StringAlgorithms", "StringAlgorithms.csproj", "{B76B24C1-0B78-4462-B0D4-B05323B37BC0}"
EndProject
Global
	GlobalSection(SolutionConfigurationPlatforms) = preSolution
		Debug|Any CPU = Debug|Any CPU
		Release|Any CPU = Release|Any CPU
	EndGlobalSection
	GlobalSection(ProjectConfigurationPlatforms) = postSolution
		{B76B24C1-0B78-4462-B0D4-B05323B37BC0}.Debug|Any CPU.ActiveCfg = Debug|Any CPU
		{B76B24C1-0B78-4462-B0D4-B05323B37BC0}.Debug|Any CPU.Build.0 = Debug|Any CPU
		{B76B24C1-0B78-4462-B0D4-B05323B37BC0}.Release|Any CPU.ActiveCfg = Release|Any CPU
		{B76B24C1-0B78-4462-B0D4-B05323B37BC0}.Release|Any CPU.Build.0 = Release|Any CPU
	EndGlobalSection
	GlobalSection(SolutionProperties) = preSolution
		HideSolutionNode = FALSE
	EndGlobalSection
	GlobalSection(ExtensibilityGlobals) = postSolution
		SolutionGuid = {F1F67E07-8422-4177-85C5-69FEC6CD25AC}
	EndGlobalSection
EndGlobal
